
Microsoft Visual Studio Solution File, Format Version 12.00
# Visual Studio Version 17
VisualStudioVersion = 17.3.32819.101
MinimumVisualStudioVersion = 10.0.40219.1
Project("{FAE04EC0-301F-11D3-BF4B-00C04F79EFBC}") = "FibRecursive", "FibRecursive\FibRecursive.csproj", "{01C79451-DF8F-4960-BF08-D22A537ED2DB}"
EndProject
Global
	GlobalSection(SolutionConfigurationPlatforms) = preSolution
		Debug|Any CPU = Debug|Any CPU
		Release|Any CPU = Release|Any CPU
	EndGlobalSection
	GlobalSection(ProjectConfigurationPlatforms) = postSolution
		{01C79451-DF8F-4960-BF08-D22A537ED2DB}.Debug|Any CPU.ActiveCfg = Debug|Any CPU
		{01C79451-DF8F-4960-BF08-D22A537ED2DB}.Debug|Any CPU.Build.0 = Debug|Any CPU
		{01C79451-DF8F-4960-BF08-D22A537ED2DB}.Release|Any CPU.ActiveCfg = Release|Any CPU
		{01C79451-DF8F-4960-BF08-D22A537ED2DB}.Release|Any CPU.Build.0 = Release|Any CPU
	EndGlobalSection
	GlobalSection(SolutionProperties) = preSolution
		HideSolutionNode = FALSE
	EndGlobalSection
	GlobalSection(ExtensibilityGlobals) = postSolution
		SolutionGuid = {55A10740-3886-40F8-B7E1-2E5A7771761E}
	EndGlobalSection
EndGlobal
